
Microsoft Visual Studio Solution File, Format Version 12.00
# Visual Studio Version 16
VisualStudioVersion = 16.0.29709.97
MinimumVisualStudioVersion = 10.0.40219.1
Project("{FAE04EC0-301F-11D3-BF4B-00C04F79EFBC}") = "Pathogen_Lookup", "Pathogen_Lookup.csproj", "{E9DD985F-81BF-40FD-A3CE-B2371A7AD741}"
EndProject
Global
	GlobalSection(SolutionConfigurationPlatforms) = preSolution
		Debug|Any CPU = Debug|Any CPU
		Release|Any CPU = Release|Any CPU
	EndGlobalSection
	GlobalSection(ProjectConfigurationPlatforms) = postSolution
		{E9DD985F-81BF-40FD-A3CE-B2371A7AD741}.Debug|Any CPU.ActiveCfg = Debug|Any CPU
		{E9DD985F-81BF-40FD-A3CE-B2371A7AD741}.Debug|Any CPU.Build.0 = Debug|Any CPU
		{E9DD985F-81BF-40FD-A3CE-B2371A7AD741}.Release|Any CPU.ActiveCfg = Release|Any CPU
		{E9DD985F-81BF-40FD-A3CE-B2371A7AD741}.Release|Any CPU.Build.0 = Release|Any CPU
	EndGlobalSection
	GlobalSection(SolutionProperties) = preSolution
		HideSolutionNode = FALSE
	EndGlobalSection
	GlobalSection(ExtensibilityGlobals) = postSolution
		SolutionGuid = {9754147C-CAB0-486C-8E9B-51F4F76F02CC}
	EndGlobalSection
EndGlobal
